<?xml version="1.0" encoding="utf-8"?>
<Project ToolsVersion="4.0" xmlns="http://schemas.microsoft.com/developer/msbuild/2003">
  <ItemGroup>
    <Filter Include="Main">
      <UniqueIdentifier>{3b9c17c4-b023-426b-b7e3-60f07cfd9b8c}</UniqueIdentifier>
    </Filter>
    <Filter Include="Player">
      <UniqueIdentifier>{35d7adc5-70a6-4fcc-81ff-16d7a43db359}</UniqueIdentifier>
    </Filter>
    <Filter Include="Target">
      <UniqueIdentifier>{3a067092-f7e5-4eee-a77e-e0ef45e6e731}</UniqueIdentifier>
    </Filter>
    <Filter Include="Scene">
      <UniqueIdentifier>{edc9c57e-189e-4208-aabb-320f9a8a03fa}</UniqueIdentifier>
    </Filter>
  </ItemGroup>
  <ItemGroup>
    <ClCompile Include="Source\Main\GameManager.cpp">
      <Filter>Main</Filter>
    </ClCompile>
    <ClCompile Include="Source\Main\MainLoop.cpp">
      <Filter>Main</Filter>
    </ClCompile>
    <ClCompile Include="Source\Scene\SceneBase.cpp">
      <Filter>Scene</Filter>
    </ClCompile>
    <ClCompile Include="Source\Scene\Awata.cpp">
      <Filter>Scene</Filter>
    </ClCompile>
    <ClCompile Include="Source\Scene\Tamura.cpp">
      <Filter>Scene</Filter>
    </ClCompile>
    <ClCompile Include="Source\Scene\TitleScene.cpp">
      <Filter>Scene</Filter>
    </ClCompile>
  </ItemGroup>
  <ItemGroup>
    <ClInclude Include="Source\Main\GameManager.h">
      <Filter>Main</Filter>
    </ClInclude>
    <ClInclude Include="Source\Scene\SceneBase.h">
      <Filter>Scene</Filter>
    </ClInclude>
    <ClInclude Include="Source\Scene\Awata.h">
      <Filter>Scene</Filter>
    </ClInclude>
    <ClInclude Include="Source\Scene\Tamura.h">
      <Filter>Scene</Filter>
    </ClInclude>
    <ClInclude Include="Source\Scene\TitleScene.h">
      <Filter>Scene</Filter>
    </ClInclude>
  </ItemGroup>
</Project>